
Microsoft Visual Studio Solution File, Format Version 12.00
# Visual Studio Version 17
VisualStudioVersion = 17.7.34024.191
MinimumVisualStudioVersion = 10.0.40219.1
Project("{FAE04EC0-301F-11D3-BF4B-00C04F79EFBC}") = "Uppgift 4.3", "Uppgift 4.3\Uppgift 4.3.csproj", "{B8AE3C87-754A-4DC2-828E-EE669F13D28B}"
EndProject
Global
	GlobalSection(SolutionConfigurationPlatforms) = preSolution
		Debug|Any CPU = Debug|Any CPU
		Release|Any CPU = Release|Any CPU
	EndGlobalSection
	GlobalSection(ProjectConfigurationPlatforms) = postSolution
		{B8AE3C87-754A-4DC2-828E-EE669F13D28B}.Debug|Any CPU.ActiveCfg = Debug|Any CPU
		{B8AE3C87-754A-4DC2-828E-EE669F13D28B}.Debug|Any CPU.Build.0 = Debug|Any CPU
		{B8AE3C87-754A-4DC2-828E-EE669F13D28B}.Release|Any CPU.ActiveCfg = Release|Any CPU
		{B8AE3C87-754A-4DC2-828E-EE669F13D28B}.Release|Any CPU.Build.0 = Release|Any CPU
	EndGlobalSection
	GlobalSection(SolutionProperties) = preSolution
		HideSolutionNode = FALSE
	EndGlobalSection
	GlobalSection(ExtensibilityGlobals) = postSolution
		SolutionGuid = {53EF7DE8-1601-47B2-B47F-6E636FDCEDBD}
	EndGlobalSection
EndGlobal
